
Microsoft Visual Studio Solution File, Format Version 12.00
Project("{FAE04EC0-301F-11D3-BF4B-00C04F79EFBC}") = "EfCoreTemplate", "EfCoreTemplate\EfCoreTemplate.csproj", "{5613F19C-D3BC-4D51-8A24-DFC6A468E4A6}"
EndProject
Global
	GlobalSection(SolutionConfigurationPlatforms) = preSolution
		Debug|Any CPU = Debug|Any CPU
		Release|Any CPU = Release|Any CPU
	EndGlobalSection
	GlobalSection(ProjectConfigurationPlatforms) = postSolution
		{5613F19C-D3BC-4D51-8A24-DFC6A468E4A6}.Debug|Any CPU.ActiveCfg = Debug|Any CPU
		{5613F19C-D3BC-4D51-8A24-DFC6A468E4A6}.Debug|Any CPU.Build.0 = Debug|Any CPU
		{5613F19C-D3BC-4D51-8A24-DFC6A468E4A6}.Release|Any CPU.ActiveCfg = Release|Any CPU
		{5613F19C-D3BC-4D51-8A24-DFC6A468E4A6}.Release|Any CPU.Build.0 = Release|Any CPU
	EndGlobalSection
EndGlobal
